
Microsoft Visual Studio Solution File, Format Version 12.00
# Visual Studio Version 16
VisualStudioVersion = 16.0.30621.155
MinimumVisualStudioVersion = 10.0.40219.1
Project("{FAE04EC0-301F-11D3-BF4B-00C04F79EFBC}") = "Portfolio", "Portfolio\Portfolio.csproj", "{DB72D7A0-486A-4E00-9CA8-3DCB2FF363F8}"
EndProject
Global
	GlobalSection(SolutionConfigurationPlatforms) = preSolution
		Debug|Any CPU = Debug|Any CPU
		Release|Any CPU = Release|Any CPU
	EndGlobalSection
	GlobalSection(ProjectConfigurationPlatforms) = postSolution
		{DB72D7A0-486A-4E00-9CA8-3DCB2FF363F8}.Debug|Any CPU.ActiveCfg = Debug|Any CPU
		{DB72D7A0-486A-4E00-9CA8-3DCB2FF363F8}.Debug|Any CPU.Build.0 = Debug|Any CPU
		{DB72D7A0-486A-4E00-9CA8-3DCB2FF363F8}.Release|Any CPU.ActiveCfg = Release|Any CPU
		{DB72D7A0-486A-4E00-9CA8-3DCB2FF363F8}.Release|Any CPU.Build.0 = Release|Any CPU
	EndGlobalSection
	GlobalSection(SolutionProperties) = preSolution
		HideSolutionNode = FALSE
	EndGlobalSection
	GlobalSection(ExtensibilityGlobals) = postSolution
		SolutionGuid = {051C09DC-A62C-43C4-8B19-8B472042C733}
	EndGlobalSection
EndGlobal
